PODS:
  - FMDB (2.6.2):
    - FMDB/standard (= 2.6.2)
  - FMDB/standard (2.6.2)
  - Masonry (1.0.1)
  - MBProgressHUD (0.9.2)
  - MJRefresh (3.1.0)
  - pop (1.0.9)

DEPENDENCIES:
  - FMDB
  - Masonry
  - MBProgressHUD
  - MJRefresh
  - pop (~> 1.0)

SPEC CHECKSUMS:
  FMDB: 854a0341b4726e53276f2a8996f06f1b80f9259a
  Masonry: a1a931a0d08870ed8ae415a2ea5ea68ebcac77df
  MBProgressHUD: 1569cf7ace17a8bac47aabfbb8580a49690386d1
  MJRefresh: 743e6404967d1c2c688472ea3ecfde247d872db4
  pop: f667631a5108a2e60d9e8797c9b32ddaf2080bce

PODFILE CHECKSUM: 325ad7da918be5f068ec6e8cac7f271ede374fd0

COCOAPODS: 1.0.1
